
Microsoft Visual Studio Solution File, Format Version 12.00
# Visual Studio Version 17
VisualStudioVersion = 17.5.33502.453
MinimumVisualStudioVersion = 10.0.40219.1
Project("{FAE04EC0-301F-11D3-BF4B-00C04F79EFBC}") = "BouncingBall", "BouncingBall\BouncingBall.csproj", "{0A3EBAED-00F2-4582-963D-4CDC4F4CB322}"
EndProject
Global
	GlobalSection(SolutionConfigurationPlatforms) = preSolution
		Debug|Any CPU = Debug|Any CPU
		Release|Any CPU = Release|Any CPU
	EndGlobalSection
	GlobalSection(ProjectConfigurationPlatforms) = postSolution
		{0A3EBAED-00F2-4582-963D-4CDC4F4CB322}.Debug|Any CPU.ActiveCfg = Debug|Any CPU
		{0A3EBAED-00F2-4582-963D-4CDC4F4CB322}.Debug|Any CPU.Build.0 = Debug|Any CPU
		{0A3EBAED-00F2-4582-963D-4CDC4F4CB322}.Release|Any CPU.ActiveCfg = Release|Any CPU
		{0A3EBAED-00F2-4582-963D-4CDC4F4CB322}.Release|Any CPU.Build.0 = Release|Any CPU
	EndGlobalSection
	GlobalSection(SolutionProperties) = preSolution
		HideSolutionNode = FALSE
	EndGlobalSection
	GlobalSection(ExtensibilityGlobals) = postSolution
		SolutionGuid = {33608A04-CA50-45C4-9849-E41E02474D36}
	EndGlobalSection
EndGlobal
